# THIS IS AN AUTOGENERATED FILE. DO NOT EDIT THIS FILE DIRECTLY.
# yarn lockfile v1


bluebird@^3.4.7:
  version "3.7.2"
  resolved "https://registry.yarnpkg.com/bluebird/-/bluebird-3.7.2.tgz#9f229c15be272454ffa973ace0dbee79a1b0c36f"
  integrity sha512-XpNj6GDQzdfW+r2Wnn7xiSAd7TM3jzkxGXBGTtWKuSXv1xUV+azxAm8jdWZN06QTQk+2N2XB9jRDkvbmQmcRtg==

serverless-apigw-binary@^0.4.4:
  version "0.4.4"
  resolved "https://registry.yarnpkg.com/serverless-apigw-binary/-/serverless-apigw-binary-0.4.4.tgz#f3cffd8365322a2a1d8bde5fd94b306b7a64d4fb"
  integrity sha512-2DJmQTzeXa/+8u9ekReqf7j4gQjBtzQE4MK9nlOnEz4F7MVWCQXYlLPmf2TXSoxxJZzlWvIiNzCTq6vAT9F5FQ==

serverless-plugin-existing-s3@^2.4.0:
  version "2.4.0"
  resolved "https://registry.yarnpkg.com/serverless-plugin-existing-s3/-/serverless-plugin-existing-s3-2.4.0.tgz#3dcbfb1d10cdd52dfd51ef06cd0f0810457d00a8"
  integrity sha512-BsOSOM5X4hFmX2U7WlUWvMooTega4fKGc547OiWTUwHtB/H1nBs5bQJxM4jHJLIODEoVLw8J8O90rlif/yHwuQ==

serverless-prune-plugin@^1.4.3:
  version "1.4.3"
  resolved "https://registry.yarnpkg.com/serverless-prune-plugin/-/serverless-prune-plugin-1.4.3.tgz#556d76a86e37bf57d4ccd8449a7d98b6496bd5ed"
  integrity sha512-gsZF3oLs5rFdp6ynjiWf5cuXZ4DZrAhxRd5Zf2gfH/43kPqtZMZzUqcGYbHh1OXbOzogdn8fEg5d4Q3xxWwRBA==
  dependencies:
    bluebird "^3.4.7"
